
Microsoft Visual Studio Solution File, Format Version 12.00
# Visual Studio Version 16
VisualStudioVersion = 16.0.31624.102
MinimumVisualStudioVersion = 10.0.40219.1
Project("{FAE04EC0-301F-11D3-BF4B-00C04F79EFBC}") = "WpfExcelApp1", "WpfExcelApp1.csproj", "{37AC7340-0A65-4D28-9830-794447A8A60D}"
EndProject
Global
	GlobalSection(SolutionConfigurationPlatforms) = preSolution
		Debug|Any CPU = Debug|Any CPU
		Release|Any CPU = Release|Any CPU
	EndGlobalSection
	GlobalSection(ProjectConfigurationPlatforms) = postSolution
		{37AC7340-0A65-4D28-9830-794447A8A60D}.Debug|Any CPU.ActiveCfg = Debug|Any CPU
		{37AC7340-0A65-4D28-9830-794447A8A60D}.Debug|Any CPU.Build.0 = Debug|Any CPU
		{37AC7340-0A65-4D28-9830-794447A8A60D}.Release|Any CPU.ActiveCfg = Release|Any CPU
		{37AC7340-0A65-4D28-9830-794447A8A60D}.Release|Any CPU.Build.0 = Release|Any CPU
	EndGlobalSection
	GlobalSection(SolutionProperties) = preSolution
		HideSolutionNode = FALSE
	EndGlobalSection
	GlobalSection(ExtensibilityGlobals) = postSolution
		SolutionGuid = {411ED16E-9832-4503-9201-B546568F6512}
	EndGlobalSection
EndGlobal
